
Microsoft Visual Studio Solution File, Format Version 12.00
# Visual Studio 2013
VisualStudioVersion = 12.0.40629.0
MinimumVisualStudioVersion = 10.0.40219.1
Project("{E24C65DC-7377-472B-9ABA-BC803B73C61A}") = "OrchardSite", "http://localhost:43274", "{4C03848D-AEC2-4E48-B683-A281D997E9DF}"
	ProjectSection(WebsiteProperties) = preProject
		SccProjectName = "SAK"
		SccAuxPath = "SAK"
		SccLocalPath = "SAK"
		SccProvider = "SAK"
		UseIISExpress = "true"
		TargetFrameworkMoniker = ".NETFramework,Version%3Dv4.5.2"
		Debug.AspNetCompiler.VirtualPath = "/localhost_43274"
		Debug.AspNetCompiler.PhysicalPath = "Source\OrchardSite\"
		Debug.AspNetCompiler.TargetPath = "PrecompiledWeb\localhost_43274\"
		Debug.AspNetCompiler.Updateable = "true"
		Debug.AspNetCompiler.ForceOverwrite = "true"
		Debug.AspNetCompiler.FixedNames = "false"
		Debug.AspNetCompiler.Debug = "True"
		Release.AspNetCompiler.VirtualPath = "/localhost_43274"
		Release.AspNetCompiler.PhysicalPath = "Source\OrchardSite\"
		Release.AspNetCompiler.TargetPath = "PrecompiledWeb\localhost_43274\"
		Release.AspNetCompiler.Updateable = "true"
		Release.AspNetCompiler.ForceOverwrite = "true"
		Release.AspNetCompiler.FixedNames = "false"
		Release.AspNetCompiler.Debug = "False"
		SlnRelativePath = "Source\OrchardSite\"
	EndProjectSection
EndProject
Project("{2150E333-8FDC-42A3-9474-1A3956D46DE8}") = "Modules", "Modules", "{817D94E4-7D9B-4DB2-B0B3-283048E8EEA6}"
EndProject
Project("{FAE04EC0-301F-11D3-BF4B-00C04F79EFBC}") = "dcp.Dropzone", "Source\OrchardSite\Modules\dcp.Dropzone\dcp.Dropzone.csproj", "{83F3D9B3-1B7C-4B7E-88B5-0E2CBF73737F}"
EndProject
Project("{FAE04EC0-301F-11D3-BF4B-00C04F79EFBC}") = "AgileUploaderField", "Source\OrchardSite\Modules\AgileUploaderField\AgileUploaderField.csproj", "{BCEA07F6-CEFE-4B07-AC95-FD1B7ED7EF74}"
EndProject
Project("{FAE04EC0-301F-11D3-BF4B-00C04F79EFBC}") = "SH.GoogleAnalytics", "Source\OrchardSite\Modules\SH.GoogleAnalytics\SH.GoogleAnalytics.csproj", "{8DF6ED57-53F6-44E8-9BCD-40C2150A5A43}"
EndProject
Project("{FAE04EC0-301F-11D3-BF4B-00C04F79EFBC}") = "Vandelay.Meta", "Source\OrchardSite\Modules\Vandelay.Meta\Vandelay.Meta.csproj", "{F070D4DA-10ED-4165-A6A4-A0A5257B5CB0}"
EndProject
Project("{FAE04EC0-301F-11D3-BF4B-00C04F79EFBC}") = "SH.Robots", "Source\OrchardSite\Modules\SH.Robots\SH.Robots.csproj", "{EAACA94E-303E-4CBF-98BB-DD12018E93B7}"
EndProject
Project("{FAE04EC0-301F-11D3-BF4B-00C04F79EFBC}") = "WebAdvanced.Sitemap", "Source\OrchardSite\Modules\WebAdvanced.Sitemap\WebAdvanced.Sitemap.csproj", "{83C6A228-B496-4206-A593-D0B46FC9AA7D}"
EndProject
Global
	GlobalSection(TeamFoundationVersionControl) = preSolution
		SccNumberOfProjects = 8
		SccEnterpriseProvider = {4CA58AB2-18FA-4F8D-95D4-32DDF27D184C}
		SccTeamFoundationServer = https://tfs.codeplex.com/tfs/tfs41
		SccWebProject0 = true
		SccProjectUniqueName0 = http://localhost:43274
		SccProjectName0 = Source/OrchardSite
		SccLocalPath0 = Source\\OrchardSite
		SccProjectEnlistmentChoice0 = 2
		SccLocalPath1 = .
		SccProjectUniqueName2 = Source\\OrchardSite\\Modules\\AgileUploaderField\\AgileUploaderField.csproj
		SccProjectTopLevelParentUniqueName2 = Orchard.sln
		SccProjectName2 = Source/OrchardSite/Modules/AgileUploaderField
		SccLocalPath2 = Source\\OrchardSite\\Modules\\AgileUploaderField
		SccProjectUniqueName3 = Source\\OrchardSite\\Modules\\dcp.Dropzone\\dcp.Dropzone.csproj
		SccProjectTopLevelParentUniqueName3 = Orchard.sln
		SccProjectName3 = Source/OrchardSite/Modules/dcp.Dropzone
		SccLocalPath3 = Source\\OrchardSite\\Modules\\dcp.Dropzone
		SccProjectUniqueName4 = Source\\OrchardSite\\Modules\\SH.GoogleAnalytics\\SH.GoogleAnalytics.csproj
		SccProjectTopLevelParentUniqueName4 = Orchard.sln
		SccProjectName4 = Source/OrchardSite/Modules/SH.GoogleAnalytics
		SccLocalPath4 = Source\\OrchardSite\\Modules\\SH.GoogleAnalytics
		SccProjectUniqueName5 = Source\\OrchardSite\\Modules\\SH.Robots\\SH.Robots.csproj
		SccProjectTopLevelParentUniqueName5 = Orchard.sln
		SccProjectName5 = Source/OrchardSite/Modules/SH.Robots
		SccLocalPath5 = Source\\OrchardSite\\Modules\\SH.Robots
		SccProjectUniqueName6 = Source\\OrchardSite\\Modules\\Vandelay.Meta\\Vandelay.Meta.csproj
		SccProjectTopLevelParentUniqueName6 = Orchard.sln
		SccProjectName6 = Source/OrchardSite/Modules/Vandelay.Meta
		SccLocalPath6 = Source\\OrchardSite\\Modules\\Vandelay.Meta
		SccProjectUniqueName7 = Source\\OrchardSite\\Modules\\WebAdvanced.Sitemap\\WebAdvanced.Sitemap.csproj
		SccProjectTopLevelParentUniqueName7 = Orchard.sln
		SccProjectName7 = Source/OrchardSite/Modules/WebAdvanced.Sitemap
		SccLocalPath7 = Source\\OrchardSite\\Modules\\WebAdvanced.Sitemap
	EndGlobalSection
	GlobalSection(SolutionConfigurationPlatforms) = preSolution
		Debug|Any CPU = Debug|Any CPU
		Release|Any CPU = Release|Any CPU
	EndGlobalSection
	GlobalSection(ProjectConfigurationPlatforms) = postSolution
		{4C03848D-AEC2-4E48-B683-A281D997E9DF}.Debug|Any CPU.ActiveCfg = Debug|Any CPU
		{4C03848D-AEC2-4E48-B683-A281D997E9DF}.Debug|Any CPU.Build.0 = Debug|Any CPU
		{4C03848D-AEC2-4E48-B683-A281D997E9DF}.Release|Any CPU.ActiveCfg = Debug|Any CPU
		{4C03848D-AEC2-4E48-B683-A281D997E9DF}.Release|Any CPU.Build.0 = Debug|Any CPU
		{83F3D9B3-1B7C-4B7E-88B5-0E2CBF73737F}.Debug|Any CPU.ActiveCfg = Debug|Any CPU
		{83F3D9B3-1B7C-4B7E-88B5-0E2CBF73737F}.Debug|Any CPU.Build.0 = Debug|Any CPU
		{83F3D9B3-1B7C-4B7E-88B5-0E2CBF73737F}.Release|Any CPU.ActiveCfg = Release|Any CPU
		{83F3D9B3-1B7C-4B7E-88B5-0E2CBF73737F}.Release|Any CPU.Build.0 = Release|Any CPU
		{BCEA07F6-CEFE-4B07-AC95-FD1B7ED7EF74}.Debug|Any CPU.ActiveCfg = Debug|Any CPU
		{BCEA07F6-CEFE-4B07-AC95-FD1B7ED7EF74}.Debug|Any CPU.Build.0 = Debug|Any CPU
		{BCEA07F6-CEFE-4B07-AC95-FD1B7ED7EF74}.Release|Any CPU.ActiveCfg = Release|Any CPU
		{BCEA07F6-CEFE-4B07-AC95-FD1B7ED7EF74}.Release|Any CPU.Build.0 = Release|Any CPU
		{8DF6ED57-53F6-44E8-9BCD-40C2150A5A43}.Debug|Any CPU.ActiveCfg = Debug|Any CPU
		{8DF6ED57-53F6-44E8-9BCD-40C2150A5A43}.Debug|Any CPU.Build.0 = Debug|Any CPU
		{8DF6ED57-53F6-44E8-9BCD-40C2150A5A43}.Release|Any CPU.ActiveCfg = Release|Any CPU
		{8DF6ED57-53F6-44E8-9BCD-40C2150A5A43}.Release|Any CPU.Build.0 = Release|Any CPU
		{F070D4DA-10ED-4165-A6A4-A0A5257B5CB0}.Debug|Any CPU.ActiveCfg = Debug|Any CPU
		{F070D4DA-10ED-4165-A6A4-A0A5257B5CB0}.Debug|Any CPU.Build.0 = Debug|Any CPU
		{F070D4DA-10ED-4165-A6A4-A0A5257B5CB0}.Release|Any CPU.ActiveCfg = Release|Any CPU
		{F070D4DA-10ED-4165-A6A4-A0A5257B5CB0}.Release|Any CPU.Build.0 = Release|Any CPU
		{EAACA94E-303E-4CBF-98BB-DD12018E93B7}.Debug|Any CPU.ActiveCfg = Debug|Any CPU
		{EAACA94E-303E-4CBF-98BB-DD12018E93B7}.Debug|Any CPU.Build.0 = Debug|Any CPU
		{EAACA94E-303E-4CBF-98BB-DD12018E93B7}.Release|Any CPU.ActiveCfg = Release|Any CPU
		{EAACA94E-303E-4CBF-98BB-DD12018E93B7}.Release|Any CPU.Build.0 = Release|Any CPU
		{83C6A228-B496-4206-A593-D0B46FC9AA7D}.Debug|Any CPU.ActiveCfg = Debug|Any CPU
		{83C6A228-B496-4206-A593-D0B46FC9AA7D}.Debug|Any CPU.Build.0 = Debug|Any CPU
		{83C6A228-B496-4206-A593-D0B46FC9AA7D}.Release|Any CPU.ActiveCfg = Release|Any CPU
		{83C6A228-B496-4206-A593-D0B46FC9AA7D}.Release|Any CPU.Build.0 = Release|Any CPU
	EndGlobalSection
	GlobalSection(SolutionProperties) = preSolution
		HideSolutionNode = FALSE
	EndGlobalSection
	GlobalSection(NestedProjects) = preSolution
		{83F3D9B3-1B7C-4B7E-88B5-0E2CBF73737F} = {817D94E4-7D9B-4DB2-B0B3-283048E8EEA6}
		{BCEA07F6-CEFE-4B07-AC95-FD1B7ED7EF74} = {817D94E4-7D9B-4DB2-B0B3-283048E8EEA6}
		{8DF6ED57-53F6-44E8-9BCD-40C2150A5A43} = {817D94E4-7D9B-4DB2-B0B3-283048E8EEA6}
		{F070D4DA-10ED-4165-A6A4-A0A5257B5CB0} = {817D94E4-7D9B-4DB2-B0B3-283048E8EEA6}
		{EAACA94E-303E-4CBF-98BB-DD12018E93B7} = {817D94E4-7D9B-4DB2-B0B3-283048E8EEA6}
		{83C6A228-B496-4206-A593-D0B46FC9AA7D} = {817D94E4-7D9B-4DB2-B0B3-283048E8EEA6}
	EndGlobalSection
EndGlobal
